
Microsoft Visual Studio Solution File, Format Version 10.00
# Visual Studio 2008
Project("{FAE04EC0-301F-11D3-BF4B-00C04F79EFBC}") = "StiffChecker", "StiffChecker\StiffChecker.csproj", "{27C5FFD4-9291-4CD0-AE1B-C967B490CFA7}"
EndProject
Global
	GlobalSection(SolutionConfigurationPlatforms) = preSolution
		Debug|Any CPU = Debug|Any CPU
		Release|Any CPU = Release|Any CPU
	EndGlobalSection
	GlobalSection(ProjectConfigurationPlatforms) = postSolution
		{27C5FFD4-9291-4CD0-AE1B-C967B490CFA7}.Debug|Any CPU.ActiveCfg = Debug|Any CPU
		{27C5FFD4-9291-4CD0-AE1B-C967B490CFA7}.Debug|Any CPU.Build.0 = Debug|Any CPU
		{27C5FFD4-9291-4CD0-AE1B-C967B490CFA7}.Release|Any CPU.ActiveCfg = Release|Any CPU
		{27C5FFD4-9291-4CD0-AE1B-C967B490CFA7}.Release|Any CPU.Build.0 = Release|Any CPU
	EndGlobalSection
	GlobalSection(SolutionProperties) = preSolution
		HideSolutionNode = FALSE
	EndGlobalSection
EndGlobal
